
Microsoft Visual Studio Solution File, Format Version 12.00
# Visual Studio Version 17
VisualStudioVersion = 17.12.35527.113 d17.12
MinimumVisualStudioVersion = 10.0.40219.1
Project("{FAE04EC0-301F-11D3-BF4B-00C04F79EFBC}") = "PeopleApi", "PeopleApi\PeopleApi.csproj", "{B127390E-5D56-4D04-8A7B-E5D5903A76A2}"
EndProject
Project("{FAE04EC0-301F-11D3-BF4B-00C04F79EFBC}") = "BlazorApp", "BlazorApp\BlazorApp.csproj", "{59EFF0CC-09A4-482A-BC79-19E8BB08A21F}"
EndProject
Project("{FAE04EC0-301F-11D3-BF4B-00C04F79EFBC}") = "WebApplicationMVC", "WebApplicationMVC\WebApplicationMVC.csproj", "{2DDA0FB6-C466-4123-BDDA-C7D3C186CED0}"
EndProject
Global
	GlobalSection(SolutionConfigurationPlatforms) = preSolution
		Debug|Any CPU = Debug|Any CPU
		Release|Any CPU = Release|Any CPU
	EndGlobalSection
	GlobalSection(ProjectConfigurationPlatforms) = postSolution
		{B127390E-5D56-4D04-8A7B-E5D5903A76A2}.Debug|Any CPU.ActiveCfg = Debug|Any CPU
		{B127390E-5D56-4D04-8A7B-E5D5903A76A2}.Debug|Any CPU.Build.0 = Debug|Any CPU
		{B127390E-5D56-4D04-8A7B-E5D5903A76A2}.Release|Any CPU.ActiveCfg = Release|Any CPU
		{B127390E-5D56-4D04-8A7B-E5D5903A76A2}.Release|Any CPU.Build.0 = Release|Any CPU
		{59EFF0CC-09A4-482A-BC79-19E8BB08A21F}.Debug|Any CPU.ActiveCfg = Debug|Any CPU
		{59EFF0CC-09A4-482A-BC79-19E8BB08A21F}.Debug|Any CPU.Build.0 = Debug|Any CPU
		{59EFF0CC-09A4-482A-BC79-19E8BB08A21F}.Release|Any CPU.ActiveCfg = Release|Any CPU
		{59EFF0CC-09A4-482A-BC79-19E8BB08A21F}.Release|Any CPU.Build.0 = Release|Any CPU
		{2DDA0FB6-C466-4123-BDDA-C7D3C186CED0}.Debug|Any CPU.ActiveCfg = Debug|Any CPU
		{2DDA0FB6-C466-4123-BDDA-C7D3C186CED0}.Debug|Any CPU.Build.0 = Debug|Any CPU
		{2DDA0FB6-C466-4123-BDDA-C7D3C186CED0}.Release|Any CPU.ActiveCfg = Release|Any CPU
		{2DDA0FB6-C466-4123-BDDA-C7D3C186CED0}.Release|Any CPU.Build.0 = Release|Any CPU
	EndGlobalSection
	GlobalSection(SolutionProperties) = preSolution
		HideSolutionNode = FALSE
	EndGlobalSection
EndGlobal
